PODS:
  - Alamofire (5.9.1)
  - AlamofireActivityLogger (2.6.0):
    - Alamofire (~> 5.9.1)

DEPENDENCIES:
  - Alamofire (~> 5.9.1)
  - AlamofireActivityLogger (from `.`)

SPEC REPOS:
  trunk:
    - Alamofire

EXTERNAL SOURCES:
  AlamofireActivityLogger:
    :path: "."

SPEC CHECKSUMS:
  Alamofire: f36a35757af4587d8e4f4bfa223ad10be2422b8c
  AlamofireActivityLogger: 7ef3d8b2a87721b06f5b3ce5f416ef100994bb07

PODFILE CHECKSUM: 037771d145d193e7082a92a0409e9e7d105a3da2

COCOAPODS: 1.15.2
